
Microsoft Visual Studio Solution File, Format Version 12.00
# Visual Studio 15
VisualStudioVersion = 15.0.27703.2035
MinimumVisualStudioVersion = 10.0.40219.1
Project("{FAE04EC0-301F-11D3-BF4B-00C04F79EFBC}") = "GuessingGameSpring19", "GuessingGameSpring19\GuessingGameSpring19.csproj", "{A8517853-EA90-42B3-8F87-C7BD9A9224CC}"
EndProject
Global
	GlobalSection(SolutionConfigurationPlatforms) = preSolution
		Debug|Any CPU = Debug|Any CPU
		Release|Any CPU = Release|Any CPU
	EndGlobalSection
	GlobalSection(ProjectConfigurationPlatforms) = postSolution
		{A8517853-EA90-42B3-8F87-C7BD9A9224CC}.Debug|Any CPU.ActiveCfg = Debug|Any CPU
		{A8517853-EA90-42B3-8F87-C7BD9A9224CC}.Debug|Any CPU.Build.0 = Debug|Any CPU
		{A8517853-EA90-42B3-8F87-C7BD9A9224CC}.Release|Any CPU.ActiveCfg = Release|Any CPU
		{A8517853-EA90-42B3-8F87-C7BD9A9224CC}.Release|Any CPU.Build.0 = Release|Any CPU
	EndGlobalSection
	GlobalSection(SolutionProperties) = preSolution
		HideSolutionNode = FALSE
	EndGlobalSection
	GlobalSection(ExtensibilityGlobals) = postSolution
		SolutionGuid = {DB177115-92E2-4EE2-BCC3-7FDD64B3C47F}
	EndGlobalSection
EndGlobal
